
Microsoft Visual Studio Solution File, Format Version 12.00
# Visual Studio 14
VisualStudioVersion = 14.0.25420.1
MinimumVisualStudioVersion = 10.0.40219.1
Project("{8BC9CEB8-8B4A-11D0-8D11-00A0C91BC942}") = "FrameLight", "FrameLight\FrameLight.vcxproj", "{A1D9A582-44B9-41C9-B78F-FAD0048A6A7E}"
EndProject
Project("{8BC9CEB8-8B4A-11D0-8D11-00A0C91BC942}") = "2NPuntiSfera", "2NPuntiSfera\2NPuntiSfera.vcxproj", "{B3C8B9CC-21BA-46B3-92DC-AEA0B343DFBA}"
EndProject
Project("{8BC9CEB8-8B4A-11D0-8D11-00A0C91BC942}") = "ODE_oscillator", "ODE_oscillator\ODE_oscillator.vcxproj", "{6F8E2B76-CDFE-430C-8C99-0442E4F2C422}"
EndProject
Project("{8BC9CEB8-8B4A-11D0-8D11-00A0C91BC942}") = "ODE_exponential", "ODE_exponential\ODE_exponential.vcxproj", "{E0E24740-874D-48F3-927C-72CE02A4EC07}"
EndProject
Project("{8BC9CEB8-8B4A-11D0-8D11-00A0C91BC942}") = "PDE_waves", "PDE_waves\PDE_waves.vcxproj", "{2DCBF77B-CF6E-41E4-8581-E1E4F7FA7571}"
EndProject
Project("{8BC9CEB8-8B4A-11D0-8D11-00A0C91BC942}") = "PDE_Gottlieb", "PDE_Gottlieb\PDE_Gottlieb.vcxproj", "{41CB0C0C-3B90-4F9F-A7DC-F883DD74B0B5}"
EndProject
Project("{8BC9CEB8-8B4A-11D0-8D11-00A0C91BC942}") = "PDE_KDV", "PDE_KDV\PDE_KDV.vcxproj", "{6D46C004-9911-49D6-AF12-FBF64D99A16F}"
EndProject
Global
	GlobalSection(SolutionConfigurationPlatforms) = preSolution
		Debug|Win32 = Debug|Win32
		Release|Win32 = Release|Win32
	EndGlobalSection
	GlobalSection(ProjectConfigurationPlatforms) = postSolution
		{A1D9A582-44B9-41C9-B78F-FAD0048A6A7E}.Debug|Win32.ActiveCfg = Debug|Win32
		{A1D9A582-44B9-41C9-B78F-FAD0048A6A7E}.Debug|Win32.Build.0 = Debug|Win32
		{A1D9A582-44B9-41C9-B78F-FAD0048A6A7E}.Release|Win32.ActiveCfg = Release|Win32
		{A1D9A582-44B9-41C9-B78F-FAD0048A6A7E}.Release|Win32.Build.0 = Release|Win32
		{B3C8B9CC-21BA-46B3-92DC-AEA0B343DFBA}.Debug|Win32.ActiveCfg = Debug|Win32
		{B3C8B9CC-21BA-46B3-92DC-AEA0B343DFBA}.Debug|Win32.Build.0 = Debug|Win32
		{B3C8B9CC-21BA-46B3-92DC-AEA0B343DFBA}.Release|Win32.ActiveCfg = Release|Win32
		{B3C8B9CC-21BA-46B3-92DC-AEA0B343DFBA}.Release|Win32.Build.0 = Release|Win32
		{6F8E2B76-CDFE-430C-8C99-0442E4F2C422}.Debug|Win32.ActiveCfg = Debug|Win32
		{6F8E2B76-CDFE-430C-8C99-0442E4F2C422}.Debug|Win32.Build.0 = Debug|Win32
		{6F8E2B76-CDFE-430C-8C99-0442E4F2C422}.Release|Win32.ActiveCfg = Release|Win32
		{6F8E2B76-CDFE-430C-8C99-0442E4F2C422}.Release|Win32.Build.0 = Release|Win32
		{E0E24740-874D-48F3-927C-72CE02A4EC07}.Debug|Win32.ActiveCfg = Debug|Win32
		{E0E24740-874D-48F3-927C-72CE02A4EC07}.Debug|Win32.Build.0 = Debug|Win32
		{E0E24740-874D-48F3-927C-72CE02A4EC07}.Release|Win32.ActiveCfg = Release|Win32
		{E0E24740-874D-48F3-927C-72CE02A4EC07}.Release|Win32.Build.0 = Release|Win32
		{2DCBF77B-CF6E-41E4-8581-E1E4F7FA7571}.Debug|Win32.ActiveCfg = Debug|Win32
		{2DCBF77B-CF6E-41E4-8581-E1E4F7FA7571}.Debug|Win32.Build.0 = Debug|Win32
		{2DCBF77B-CF6E-41E4-8581-E1E4F7FA7571}.Release|Win32.ActiveCfg = Release|Win32
		{2DCBF77B-CF6E-41E4-8581-E1E4F7FA7571}.Release|Win32.Build.0 = Release|Win32
		{41CB0C0C-3B90-4F9F-A7DC-F883DD74B0B5}.Debug|Win32.ActiveCfg = Debug|Win32
		{41CB0C0C-3B90-4F9F-A7DC-F883DD74B0B5}.Debug|Win32.Build.0 = Debug|Win32
		{41CB0C0C-3B90-4F9F-A7DC-F883DD74B0B5}.Release|Win32.ActiveCfg = Release|Win32
		{41CB0C0C-3B90-4F9F-A7DC-F883DD74B0B5}.Release|Win32.Build.0 = Release|Win32
		{6D46C004-9911-49D6-AF12-FBF64D99A16F}.Debug|Win32.ActiveCfg = Debug|Win32
		{6D46C004-9911-49D6-AF12-FBF64D99A16F}.Debug|Win32.Build.0 = Debug|Win32
		{6D46C004-9911-49D6-AF12-FBF64D99A16F}.Release|Win32.ActiveCfg = Release|Win32
		{6D46C004-9911-49D6-AF12-FBF64D99A16F}.Release|Win32.Build.0 = Release|Win32
	EndGlobalSection
	GlobalSection(SolutionProperties) = preSolution
		HideSolutionNode = FALSE
	EndGlobalSection
EndGlobal
